
Microsoft Visual Studio Solution File, Format Version 12.00
# Visual Studio Version 16
VisualStudioVersion = 16.0.30709.132
MinimumVisualStudioVersion = 10.0.40219.1
Project("{9A19103F-16F7-4668-BE54-9A1E7A4F7556}") = "Area51", "Elevator\Area51.csproj", "{2769B17F-E990-4C9B-BF74-54F003AFB62D}"
EndProject
Global
	GlobalSection(SolutionConfigurationPlatforms) = preSolution
		Debug|Any CPU = Debug|Any CPU
		Release|Any CPU = Release|Any CPU
	EndGlobalSection
	GlobalSection(ProjectConfigurationPlatforms) = postSolution
		{2769B17F-E990-4C9B-BF74-54F003AFB62D}.Debug|Any CPU.ActiveCfg = Debug|Any CPU
		{2769B17F-E990-4C9B-BF74-54F003AFB62D}.Debug|Any CPU.Build.0 = Debug|Any CPU
		{2769B17F-E990-4C9B-BF74-54F003AFB62D}.Release|Any CPU.ActiveCfg = Release|Any CPU
		{2769B17F-E990-4C9B-BF74-54F003AFB62D}.Release|Any CPU.Build.0 = Release|Any CPU
	EndGlobalSection
	GlobalSection(SolutionProperties) = preSolution
		HideSolutionNode = FALSE
	EndGlobalSection
	GlobalSection(ExtensibilityGlobals) = postSolution
		SolutionGuid = {F0DF8A2F-A6D7-4FAF-9874-BABA6E6EA03C}
	EndGlobalSection
EndGlobal
